Microsoft Visual Studio Solution File, Format Version 12.00
# Visual Studio Version 16
VisualStudioVersion = 16.0.30320.27
MinimumVisualStudioVersion = 10.0.40219.1
Project("{9A19103F-16F7-4668-BE54-9A1E7A4F7556}") = "CollectionHelpers", "CollectionHelpers\CollectionHelpers.csproj", "{899FE726-2AD5-43E0-9224-96F498A1B686}"
EndProject
Project("{FAE04EC0-301F-11D3-BF4B-00C04F79EFBC}") = "CollectionHelpers.Test", "CollectionHelpers.Test\CollectionHelpers.Test.csproj", "{8DDE1EBB-CB81-4453-8FAF-0F7E23898BE7}"
EndProject
Global
	GlobalSection(SolutionConfigurationPlatforms) = preSolution
		Debug|Any CPU = Debug|Any CPU
		Release|Any CPU = Release|Any CPU
	EndGlobalSection
	GlobalSection(ProjectConfigurationPlatforms) = postSolution
		{899FE726-2AD5-43E0-9224-96F498A1B686}.Debug|Any CPU.ActiveCfg = Debug|Any CPU
		{899FE726-2AD5-43E0-9224-96F498A1B686}.Debug|Any CPU.Build.0 = Debug|Any CPU
		{899FE726-2AD5-43E0-9224-96F498A1B686}.Release|Any CPU.ActiveCfg = Release|Any CPU
		{899FE726-2AD5-43E0-9224-96F498A1B686}.Release|Any CPU.Build.0 = Release|Any CPU
		{8DDE1EBB-CB81-4453-8FAF-0F7E23898BE7}.Debug|Any CPU.ActiveCfg = Debug|Any CPU
		{8DDE1EBB-CB81-4453-8FAF-0F7E23898BE7}.Debug|Any CPU.Build.0 = Debug|Any CPU
		{8DDE1EBB-CB81-4453-8FAF-0F7E23898BE7}.Release|Any CPU.ActiveCfg = Release|Any CPU
		{8DDE1EBB-CB81-4453-8FAF-0F7E23898BE7}.Release|Any CPU.Build.0 = Release|Any CPU
	EndGlobalSection
	GlobalSection(SolutionProperties) = preSolution
		HideSolutionNode = FALSE
	EndGlobalSection
	GlobalSection(ExtensibilityGlobals) = postSolution
		SolutionGuid = {AB568CD0-8B04-4065-BF1F-91DD1C295BE3}
	EndGlobalSection
EndGlobal
